// !$*UTF8*$!
{
	archiveVersion = 1;
	classes = {
	};
	objectVersion = 46;
	objects = {

/* Begin PBXBuildFile section */
		21B87E301F39897500D3563C /* main.m in Sources */ = {isa = PBXBuildFile; fileRef = 21B87E2F1F39897500D3563C /* main.m */; };
		21B87E331F39897500D3563C /* AppDelegate.m in Sources */ = {isa = PBXBuildFile; fileRef = 21B87E321F39897500D3563C /* AppDelegate.m */; };
		21B87E361F39897500D3563C /* ViewController.m in Sources */ = {isa = PBXBuildFile; fileRef = 21B87E351F39897500D3563C /* ViewController.m */; };
		21B87E391F39897500D3563C /* Main.storyboard in Resources */ = {isa = PBXBuildFile; fileRef = 21B87E371F39897500D3563C /* Main.storyboard */; };
		21B87E3B1F39897500D3563C /* Assets.xcassets in Resources */ = {isa = PBXBuildFile; fileRef = 21B87E3A1F39897500D3563C /* Assets.xcassets */; };
		21B87E3E1F39897500D3563C /* LaunchScreen.storyboard in Resources */ = {isa = PBXBuildFile; fileRef = 21B87E3C1F39897500D3563C /* LaunchScreen.storyboard */; };
		21B87E491F39897600D3563C /* GraphSampleTests.m in Sources */ = {isa = PBXBuildFile; fileRef = 21B87E481F39897600D3563C /* GraphSampleTests.m */; };
		21B87E541F39897600D3563C /* GraphSampleUITests.m in Sources */ = {isa = PBXBuildFile; fileRef = 21B87E531F39897600D3563C /* GraphSampleUITests.m */; };
/* End PBXBuildFile section */

/* Begin PBXContainerItemProxy section */
		21B87E451F39897600D3563C /* PBXContainerItemProxy */ = {
			isa = PBXContainerItemProxy;
			containerPortal = 21B87E231F39897500D3563C /* Project object */;
			proxyType = 1;
			remoteGlobalIDString = 21B87E2A1F39897500D3563C;
			remoteInfo = GraphSample;
		};
		21B87E501F39897600D3563C /* PBXContainerItemProxy */ = {
			isa = PBXContainerItemProxy;
			containerPortal = 21B87E231F39897500D3563C /* Project object */;
			proxyType = 1;
			remoteGlobalIDString = 21B87E2A1F39897500D3563C;
			remoteInfo = GraphSample;
		};
/* End PBXContainerItemProxy section */

/* Begin PBXFileReference section */
		21B87E2B1F39897500D3563C /* GraphSample.app */ = {isa = PBXFileReference; explicitFileType = wrapper.application; includeInIndex = 0; path = GraphSample.app; sourceTree = BUILT_PRODUCTS_DIR; };
		21B87E2F1F39897500D3563C /* main.m */ = {isa = PBXFileReference; lastKnownFileType = sourcecode.c.objc; path = main.m; sourceTree = "<group>"; };
		21B87E311F39897500D3563C /* AppDelegate.h */ = {isa = PBXFileReference; lastKnownFileType = sourcecode.c.h; path = AppDelegate.h; sourceTree = "<group>"; };
		21B87E321F39897500D3563C /* AppDelegate.m */ = {isa = PBXFileReference; lastKnownFileType = sourcecode.c.objc; path = AppDelegate.m; sourceTree = "<group>"; };
		21B87E341F39897500D3563C /* ViewController.h */ = {isa = PBXFileReference; lastKnownFileType = sourcecode.c.h; path = ViewController.h; sourceTree = "<group>"; };
		21B87E351F39897500D3563C /* ViewController.m */ = {isa = PBXFileReference; lastKnownFileType = sourcecode.c.objc; path = ViewController.m; sourceTree = "<group>"; };
		21B87E381F39897500D3563C /* Base */ = {isa = PBXFileReference; lastKnownFileType = file.storyboard; name = Base; path = Base.lproj/Main.storyboard; sourceTree = "<group>"; };
		21B87E3A1F39897500D3563C /* Assets.xcassets */ = {isa = PBXFileReference; lastKnownFileType = folder.assetcatalog; path = Assets.xcassets; sourceTree = "<group>"; };
		21B87E3D1F39897500D3563C /* Base */ = {isa = PBXFileReference; lastKnownFileType = file.storyboard; name = Base; path = Base.lproj/LaunchScreen.storyboard; sourceTree = "<group>"; };
		21B87E3F1F39897500D3563C /* Info.plist */ = {isa = PBXFileReference; lastKnownFileType = text.plist.xml; path = Info.plist; sourceTree = "<group>"; };
		21B87E441F39897600D3563C /* GraphSampleTests.xctest */ = {isa = PBXFileReference; explicitFileType = wrapper.cfbundle; includeInIndex = 0; path = GraphSampleTests.xctest; sourceTree = BUILT_PRODUCTS_DIR; };
		21B87E481F39897600D3563C /* GraphSampleTests.m */ = {isa = PBXFileReference; lastKnownFileType = sourcecode.c.objc; path = GraphSampleTests.m; sourceTree = "<group>"; };
		21B87E4A1F39897600D3563C /* Info.plist */ = {isa = PBXFileReference; lastKnownFileType = text.plist.xml; path = Info.plist; sourceTree = "<group>"; };
		21B87E4F1F39897600D3563C /* GraphSampleUITests.xctest */ = {isa = PBXFileReference; explicitFileType = wrapper.cfbundle; includeInIndex = 0; path = GraphSampleUITests.xctest; sourceTree = BUILT_PRODUCTS_DIR; };
		21B87E531F39897600D3563C /* GraphSampleUITests.m */ = {isa = PBXFileReference; lastKnownFileType = sourcecode.c.objc; path = GraphSampleUITests.m; sourceTree = "<group>"; };
		21B87E551F39897600D3563C /* Info.plist */ = {isa = PBXFileReference; lastKnownFileType = text.plist.xml; path = Info.plist; sourceTree = "<group>"; };
/* End PBXFileReference section */

/* Begin PBXFrameworksBuildPhase section */
		21B87E281F39897500D3563C /* Frameworks */ = {
			isa = PBXFrameworksBuildPhase;
			buildActionMask = 2147483647;
			files = (
			);
			runOnlyForDeploymentPostprocessing = 0;
		};
		21B87E411F39897600D3563C /* Frameworks */ = {
			isa = PBXFrameworksBuildPhase;
			buildActionMask = 2147483647;
			files = (
			);
			runOnlyForDeploymentPostprocessing = 0;
		};
		21B87E4C1F39897600D3563C /* Frameworks */ = {
			isa = PBXFrameworksBuildPhase;
			buildActionMask = 2147483647;
			files = (
			);
			runOnlyForDeploymentPostprocessing = 0;
		};
/* End PBXFrameworksBuildPhase section */

/* Begin PBXGroup section */
		21B87E221F39897500D3563C = {
			isa = PBXGroup;
			children = (
				21B87E2D1F39897500D3563C /* GraphSample */,
				21B87E471F39897600D3563C /* GraphSampleTests */,
				21B87E521F39897600D3563C /* GraphSampleUITests */,
				21B87E2C1F39897500D3563C /* Products */,
			);
			sourceTree = "<group>";
		};
		21B87E2C1F39897500D3563C /* Products */ = {
			isa = PBXGroup;
			children = (
				21B87E2B1F39897500D3563C /* GraphSample.app */,
				21B87E441F39897600D3563C /* GraphSampleTests.xctest */,
				21B87E4F1F39897600D3563C /* GraphSampleUITests.xctest */,
			);
			name = Products;
			sourceTree = "<group>";
		};
		21B87E2D1F39897500D3563C /* GraphSample */ = {
			isa = PBXGroup;
			children = (
				21B87E311F39897500D3563C /* AppDelegate.h */,
				21B87E321F39897500D3563C /* AppDelegate.m */,
				21B87E341F39897500D3563C /* ViewController.h */,
				21B87E351F39897500D3563C /* ViewController.m */,
				21B87E371F39897500D3563C /* Main.storyboard */,
				21B87E3A1F39897500D3563C /* Assets.xcassets */,
				21B87E3C1F39897500D3563C /* LaunchScreen.storyboard */,
				21B87E3F1F39897500D3563C /* Info.plist */,
				21B87E2E1F39897500D3563C /* Supporting Files */,
			);
			path = GraphSample;
			sourceTree = "<group>";
		};
		21B87E2E1F39897500D3563C /* Supporting Files */ = {
			isa = PBXGroup;
			children = (
				21B87E2F1F39897500D3563C /* main.m */,
			);
			name = "Supporting Files";
			sourceTree = "<group>";
		};
		21B87E471F39897600D3563C /* GraphSampleTests */ = {
			isa = PBXGroup;
			children = (
				21B87E481F39897600D3563C /* GraphSampleTests.m */,
				21B87E4A1F39897600D3563C /* Info.plist */,
			);
			path = GraphSampleTests;
			sourceTree = "<group>";
		};
		21B87E521F39897600D3563C /* GraphSampleUITests */ = {
			isa = PBXGroup;
			children = (
				21B87E531F39897600D3563C /* GraphSampleUITests.m */,
				21B87E551F39897600D3563C /* Info.plist */,
			);
			path = GraphSampleUITests;
			sourceTree = "<group>";
		};
/* End PBXGroup section */

/* Begin PBXNativeTarget section */
		21B87E2A1F39897500D3563C /* GraphSample */ = {
			isa = PBXNativeTarget;
			buildConfigurationList = 21B87E581F39897600D3563C /* Build configuration list for PBXNativeTarget "GraphSample" */;
			buildPhases = (
				21B87E271F39897500D3563C /* Sources */,
				21B87E281F39897500D3563C /* Frameworks */,
				21B87E291F39897500D3563C /* Resources */,
			);
			buildRules = (
			);
			dependencies = (
			);
			name = GraphSample;
			productName = GraphSample;
			productReference = 21B87E2B1F39897500D3563C /* GraphSample.app */;
			productType = "com.apple.product-type.application";
		};
		21B87E431F39897600D3563C /* GraphSampleTests */ = {
			isa = PBXNativeTarget;
			buildConfigurationList = 21B87E5B1F39897600D3563C /* Build configuration list for PBXNativeTarget "GraphSampleTests" */;
			buildPhases = (
				21B87E401F39897600D3563C /* Sources */,
				21B87E411F39897600D3563C /* Frameworks */,
				21B87E421F39897600D3563C /* Resources */,
			);
			buildRules = (
			);
			dependencies = (
				21B87E461F39897600D3563C /* PBXTargetDependency */,
			);
			name = GraphSampleTests;
			productName = GraphSampleTests;
			productReference = 21B87E441F39897600D3563C /* GraphSampleTests.xctest */;
			productType = "com.apple.product-type.bundle.unit-test";
		};
		21B87E4E1F39897600D3563C /* GraphSampleUITests */ = {
			isa = PBXNativeTarget;
			buildConfigurationList = 21B87E5E1F39897600D3563C /* Build configuration list for PBXNativeTarget "GraphSampleUITests" */;
			buildPhases = (
				21B87E4B1F39897600D3563C /* Sources */,
				21B87E4C1F39897600D3563C /* Frameworks */,
				21B87E4D1F39897600D3563C /* Resources */,
			);
			buildRules = (
			);
			dependencies = (
				21B87E511F39897600D3563C /* PBXTargetDependency */,
			);
			name = GraphSampleUITests;
			productName = GraphSampleUITests;
			productReference = 21B87E4F1F39897600D3563C /* GraphSampleUITests.xctest */;
			productType = "com.apple.product-type.bundle.ui-testing";
		};
/* End PBXNativeTarget section */

/* Begin PBXProject section */
		21B87E231F39897500D3563C /* Project object */ = {
			isa = PBXProject;
			attributes = {
				LastUpgradeCheck = 0830;
				ORGANIZATIONNAME = com.TulipSport;
				TargetAttributes = {
					21B87E2A1F39897500D3563C = {
						CreatedOnToolsVersion = 8.3.2;
						DevelopmentTeam = 246A9D29DN;
						ProvisioningStyle = Automatic;
					};
					21B87E431F39897600D3563C = {
						CreatedOnToolsVersion = 8.3.2;
						DevelopmentTeam = 246A9D29DN;
						ProvisioningStyle = Automatic;
						TestTargetID = 21B87E2A1F39897500D3563C;
					};
					21B87E4E1F39897600D3563C = {
						CreatedOnToolsVersion = 8.3.2;
						DevelopmentTeam = 246A9D29DN;
						ProvisioningStyle = Automatic;
						TestTargetID = 21B87E2A1F39897500D3563C;
					};
				};
			};
			buildConfigurationList = 21B87E261F39897500D3563C /* Build configuration list for PBXProject "GraphSample" */;
			compatibilityVersion = "Xcode 3.2";
			developmentRegion = English;
			hasScannedForEncodings = 0;
			knownRegions = (
				en,
				Base,
			);
			mainGroup = 21B87E221F39897500D3563C;
			productRefGroup = 21B87E2C1F39897500D3563C /* Products */;
			projectDirPath = "";
			projectRoot = "";
			targets = (
				21B87E2A1F39897500D3563C /* GraphSample */,
				21B87E431F39897600D3563C /* GraphSampleTests */,
				21B87E4E1F39897600D3563C /* GraphSampleUITests */,
			);
		};
/* End PBXProject section */

/* Begin PBXResourcesBuildPhase section */
		21B87E291F39897500D3563C /* Resources */ = {
			isa = PBXResourcesBuildPhase;
			buildActionMask = 2147483647;
			files = (
				21B87E3E1F39897500D3563C /* LaunchScreen.storyboard in Resources */,
				21B87E3B1F39897500D3563C /* Assets.xcassets in Resources */,
				21B87E391F39897500D3563C /* Main.storyboard in Resources */,
			);
			runOnlyForDeploymentPostprocessing = 0;
		};
		21B87E421F39897600D3563C /* Resources */ = {
			isa = PBXResourcesBuildPhase;
			buildActionMask = 2147483647;
			files = (
			);
			runOnlyForDeploymentPostprocessing = 0;
		};
		21B87E4D1F39897600D3563C /* Resources */ = {
			isa = PBXResourcesBuildPhase;
			buildActionMask = 2147483647;
			files = (
			);
			runOnlyForDeploymentPostprocessing = 0;
		};
/* End PBXResourcesBuildPhase section */

/* Begin PBXSourcesBuildPhase section */
		21B87E271F39897500D3563C /* Sources */ = {
			isa = PBXSourcesBuildPhase;
			buildActionMask = 2147483647;
			files = (
				21B87E361F39897500D3563C /* ViewController.m in Sources */,
				21B87E331F39897500D3563C /* AppDelegate.m in Sources */,
				21B87E301F39897500D3563C /* main.m in Sources */,
			);
			runOnlyForDeploymentPostprocessing = 0;
		};
		21B87E401F39897600D3563C /* Sources */ = {
			isa = PBXSourcesBuildPhase;
			buildActionMask = 2147483647;
			files = (
				21B87E491F39897600D3563C /* GraphSampleTests.m in Sources */,
			);
			runOnlyForDeploymentPostprocessing = 0;
		};
		21B87E4B1F39897600D3563C /* Sources */ = {
			isa = PBXSourcesBuildPhase;
			buildActionMask = 2147483647;
			files = (
				21B87E541F39897600D3563C /* GraphSampleUITests.m in Sources */,
			);
			runOnlyForDeploymentPostprocessing = 0;
		};
/* End PBXSourcesBuildPhase section */

/* Begin PBXTargetDependency section */
		21B87E461F39897600D3563C /* PBXTargetDependency */ = {
			isa = PBXTargetDependency;
			target = 21B87E2A1F39897500D3563C /* GraphSample */;
			targetProxy = 21B87E451F39897600D3563C /* PBXContainerItemProxy */;
		};
		21B87E511F39897600D3563C /* PBXTargetDependency */ = {
			isa = PBXTargetDependency;
			target = 21B87E2A1F39897500D3563C /* GraphSample */;
			targetProxy = 21B87E501F39897600D3563C /* PBXContainerItemProxy */;
		};
/* End PBXTargetDependency section */

/* Begin PBXVariantGroup section */
		21B87E371F39897500D3563C /* Main.storyboard */ = {
			isa = PBXVariantGroup;
			children = (
				21B87E381F39897500D3563C /* Base */,
			);
			name = Main.storyboard;
			sourceTree = "<group>";
		};
		21B87E3C1F39897500D3563C /* LaunchScreen.storyboard */ = {
			isa = PBXVariantGroup;
			children = (
				21B87E3D1F39897500D3563C /* Base */,
			);
			name = LaunchScreen.storyboard;
			sourceTree = "<group>";
		};
/* End PBXVariantGroup section */

/* Begin XCBuildConfiguration section */
		21B87E561F39897600D3563C /* Debug */ = {
			isa = XCBuildConfiguration;
			buildSettings = {
				ALWAYS_SEARCH_USER_PATHS = NO;
				CLANG_ANALYZER_NONNULL = YES;
				CLANG_ANALYZER_NUMBER_OBJECT_CONVERSION = YES_AGGRESSIVE;
				CLANG_CXX_LANGUAGE_STANDARD = "gnu++0x";
				CLANG_CXX_LIBRARY = "libc++";
				CLANG_ENABLE_MODULES = YES;
				CLANG_ENABLE_OBJC_ARC = YES;
				CLANG_WARN_BOOL_CONVERSION = YES;
				CLANG_WARN_CONSTANT_CONVERSION = YES;
				CLANG_WARN_DIRECT_OBJC_ISA_USAGE = YES_ERROR;
				CLANG_WARN_DOCUMENTATION_COMMENTS = YES;
				CLANG_WARN_EMPTY_BODY = YES;
				CLANG_WARN_ENUM_CONVERSION = YES;
				CLANG_WARN_INFINITE_RECURSION = YES;
				CLANG_WARN_INT_CONVERSION = YES;
				CLANG_WARN_OBJC_ROOT_CLASS = YES_ERROR;
				CLANG_WARN_SUSPICIOUS_MOVE = YES;
				CLANG_WARN_UNREACHABLE_CODE = YES;
				CLANG_WARN__DUPLICATE_METHOD_MATCH = YES;
				"CODE_SIGN_IDENTITY[sdk=iphoneos*]" = "iPhone Developer";
				COPY_PHASE_STRIP = NO;
				DEBUG_INFORMATION_FORMAT = dwarf;
				ENABLE_STRICT_OBJC_MSGSEND = YES;
				ENABLE_TESTABILITY = YES;
				GCC_C_LANGUAGE_STANDARD = gnu99;
				GCC_DYNAMIC_NO_PIC = NO;
				GCC_NO_COMMON_BLOCKS = YES;
				GCC_OPTIMIZATION_LEVEL = 0;
				GCC_PREPROCESSOR_DEFINITIONS = (
					"DEBUG=1",
					"$(inherited)",
				);
				GCC_WARN_64_TO_32_BIT_CONVERSION = YES;
				GCC_WARN_ABOUT_RETURN_TYPE = YES_ERROR;
				GCC_WARN_UNDECLARED_SELECTOR = YES;
				GCC_WARN_UNINITIALIZED_AUTOS = YES_AGGRESSIVE;
				GCC_WARN_UNUSED_FUNCTION = YES;
				GCC_WARN_UNUSED_VARIABLE = YES;
				IPHONEOS_DEPLOYMENT_TARGET = 10.3;
				MTL_ENABLE_DEBUG_INFO = YES;
				ONLY_ACTIVE_ARCH = YES;
				SDKROOT = iphoneos;
			};
			name = Debug;
		};
		21B87E571F39897600D3563C /* Release */ = {
			isa = XCBuildConfiguration;
			buildSettings = {
				ALWAYS_SEARCH_USER_PATHS = NO;
				CLANG_ANALYZER_NONNULL = YES;
				CLANG_ANALYZER_NUMBER_OBJECT_CONVERSION = YES_AGGRESSIVE;
				CLANG_CXX_LANGUAGE_STANDARD = "gnu++0x";
				CLANG_CXX_LIBRARY = "libc++";
				CLANG_ENABLE_MODULES = YES;
				CLANG_ENABLE_OBJC_ARC = YES;
				CLANG_WARN_BOOL_CONVERSION = YES;
				CLANG_WARN_CONSTANT_CONVERSION = YES;
				CLANG_WARN_DIRECT_OBJC_ISA_USAGE = YES_ERROR;
				CLANG_WARN_DOCUMENTATION_COMMENTS = YES;
				CLANG_WARN_EMPTY_BODY = YES;
				CLANG_WARN_ENUM_CONVERSION = YES;
				CLANG_WARN_INFINITE_RECURSION = YES;
				CLANG_WARN_INT_CONVERSION = YES;
				CLANG_WARN_OBJC_ROOT_CLASS = YES_ERROR;
				CLANG_WARN_SUSPICIOUS_MOVE = YES;
				CLANG_WARN_UNREACHABLE_CODE = YES;
				CLANG_WARN__DUPLICATE_METHOD_MATCH = YES;
				"CODE_SIGN_IDENTITY[sdk=iphoneos*]" = "iPhone Developer";
				COPY_PHASE_STRIP = NO;
				DEBUG_INFORMATION_FORMAT = "dwarf-with-dsym";
				ENABLE_NS_ASSERTIONS = NO;
				ENABLE_STRICT_OBJC_MSGSEND = YES;
				GCC_C_LANGUAGE_STANDARD = gnu99;
				GCC_NO_COMMON_BLOCKS = YES;
				GCC_WARN_64_TO_32_BIT_CONVERSION = YES;
				GCC_WARN_ABOUT_RETURN_TYPE = YES_ERROR;
				GCC_WARN_UNDECLARED_SELECTOR = YES;
				GCC_WARN_UNINITIALIZED_AUTOS = YES_AGGRESSIVE;
				GCC_WARN_UNUSED_FUNCTION = YES;
				GCC_WARN_UNUSED_VARIABLE = YES;
				IPHONEOS_DEPLOYMENT_TARGET = 10.3;
				MTL_ENABLE_DEBUG_INFO = NO;
				SDKROOT = iphoneos;
				VALIDATE_PRODUCT = YES;
			};
			name = Release;
		};
		21B87E591F39897600D3563C /* Debug */ = {
			isa = XCBuildConfiguration;
			buildSettings = {
				ASSETCATALOG_COMPILER_APPICON_NAME = AppIcon;
				DEVELOPMENT_TEAM = 246A9D29DN;
				INFOPLIST_FILE = GraphSample/Info.plist;
				LD_RUNPATH_SEARCH_PATHS = "$(inherited) @executable_path/Frameworks";
				PRODUCT_BUNDLE_IDENTIFIER = com.TulipSport.GraphSample;
				PRODUCT_NAME = "$(TARGET_NAME)";
			};
			name = Debug;
		};
		21B87E5A1F39897600D3563C /* Release */ = {
			isa = XCBuildConfiguration;
			buildSettings = {
				ASSETCATALOG_COMPILER_APPICON_NAME = AppIcon;
				DEVELOPMENT_TEAM = 246A9D29DN;
				INFOPLIST_FILE = GraphSample/Info.plist;
				LD_RUNPATH_SEARCH_PATHS = "$(inherited) @executable_path/Frameworks";
				PRODUCT_BUNDLE_IDENTIFIER = com.TulipSport.GraphSample;
				PRODUCT_NAME = "$(TARGET_NAME)";
			};
			name = Release;
		};
		21B87E5C1F39897600D3563C /* Debug */ = {
			isa = XCBuildConfiguration;
			buildSettings = {
				BUNDLE_LOADER = "$(TEST_HOST)";
				DEVELOPMENT_TEAM = 246A9D29DN;
				INFOPLIST_FILE = GraphSampleTests/Info.plist;
				LD_RUNPATH_SEARCH_PATHS = "$(inherited) @executable_path/Frameworks @loader_path/Frameworks";
				PRODUCT_BUNDLE_IDENTIFIER = com.TulipSport.GraphSampleTests;
				PRODUCT_NAME = "$(TARGET_NAME)";
				TEST_HOST = "$(BUILT_PRODUCTS_DIR)/GraphSample.app/GraphSample";
			};
			name = Debug;
		};
		21B87E5D1F39897600D3563C /* Release */ = {
			isa = XCBuildConfiguration;
			buildSettings = {
				BUNDLE_LOADER = "$(TEST_HOST)";
				DEVELOPMENT_TEAM = 246A9D29DN;
				INFOPLIST_FILE = GraphSampleTests/Info.plist;
				LD_RUNPATH_SEARCH_PATHS = "$(inherited) @executable_path/Frameworks @loader_path/Frameworks";
				PRODUCT_BUNDLE_IDENTIFIER = com.TulipSport.GraphSampleTests;
				PRODUCT_NAME = "$(TARGET_NAME)";
				TEST_HOST = "$(BUILT_PRODUCTS_DIR)/GraphSample.app/GraphSample";
			};
			name = Release;
		};
		21B87E5F1F39897600D3563C /* Debug */ = {
			isa = XCBuildConfiguration;
			buildSettings = {
				DEVELOPMENT_TEAM = 246A9D29DN;
				INFOPLIST_FILE = GraphSampleUITests/Info.plist;
				LD_RUNPATH_SEARCH_PATHS = "$(inherited) @executable_path/Frameworks @loader_path/Frameworks";
				PRODUCT_BUNDLE_IDENTIFIER = com.TulipSport.GraphSampleUITests;
				PRODUCT_NAME = "$(TARGET_NAME)";
				TEST_TARGET_NAME = GraphSample;
			};
			name = Debug;
		};
		21B87E601F39897600D3563C /* Release */ = {
			isa = XCBuildConfiguration;
			buildSettings = {
				DEVELOPMENT_TEAM = 246A9D29DN;
				INFOPLIST_FILE = GraphSampleUITests/Info.plist;
				LD_RUNPATH_SEARCH_PATHS = "$(inherited) @executable_path/Frameworks @loader_path/Frameworks";
				PRODUCT_BUNDLE_IDENTIFIER = com.TulipSport.GraphSampleUITests;
				PRODUCT_NAME = "$(TARGET_NAME)";
				TEST_TARGET_NAME = GraphSample;
			};
			name = Release;
		};
/* End XCBuildConfiguration section */

/* Begin XCConfigurationList section */
		21B87E261F39897500D3563C /* Build configuration list for PBXProject "GraphSample" */ = {
			isa = XCConfigurationList;
			buildConfigurations = (
				21B87E561F39897600D3563C /* Debug */,
				21B87E571F39897600D3563C /* Release */,
			);
			defaultConfigurationIsVisible = 0;
			defaultConfigurationName = Release;
		};
		21B87E581F39897600D3563C /* Build configuration list for PBXNativeTarget "GraphSample" */ = {
			isa = XCConfigurationList;
			buildConfigurations = (
				21B87E591F39897600D3563C /* Debug */,
				21B87E5A1F39897600D3563C /* Release */,
			);
			defaultConfigurationIsVisible = 0;
		};
		21B87E5B1F39897600D3563C /* Build configuration list for PBXNativeTarget "GraphSampleTests" */ = {
			isa = XCConfigurationList;
			buildConfigurations = (
				21B87E5C1F39897600D3563C /* Debug */,
				21B87E5D1F39897600D3563C /* Release */,
			);
			defaultConfigurationIsVisible = 0;
		};
		21B87E5E1F39897600D3563C /* Build configuration list for PBXNativeTarget "GraphSampleUITests" */ = {
			isa = XCConfigurationList;
			buildConfigurations = (
				21B87E5F1F39897600D3563C /* Debug */,
				21B87E601F39897600D3563C /* Release */,
			);
			defaultConfigurationIsVisible = 0;
		};
/* End XCConfigurationList section */
	};
	rootObject = 21B87E231F39897500D3563C /* Project object */;
}
